
Microsoft Visual Studio Solution File, Format Version 12.00
# Visual Studio 15
VisualStudioVersion = 15.0.26730.12
MinimumVisualStudioVersion = 10.0.40219.1
Project("{FAE04EC0-301F-11D3-BF4B-00C04F79EFBC}") = "VisualXpress", "ext\VisualXpress.csproj", "{DC5A3BB5-874D-4A6D-BD9A-825392EB4E62}"
EndProject
Project("{FAE04EC0-301F-11D3-BF4B-00C04F79EFBC}") = "VisualXpress.UnitTest", "test\VisualXpress.UnitTest.csproj", "{70CCF7C0-0973-4D13-81E6-10628D8DCA97}"
EndProject
Global
	GlobalSection(SolutionConfigurationPlatforms) = preSolution
		Debug|Any CPU = Debug|Any CPU
		Debug-Install|Any CPU = Debug-Install|Any CPU
		Debug-Update|Any CPU = Debug-Update|Any CPU
		Release|Any CPU = Release|Any CPU
		Release-Install|Any CPU = Release-Install|Any CPU
		Release-Update|Any CPU = Release-Update|Any CPU
	EndGlobalSection
	GlobalSection(ProjectConfigurationPlatforms) = postSolution
		{DC5A3BB5-874D-4A6D-BD9A-825392EB4E62}.Debug|Any CPU.ActiveCfg = Debug|Any CPU
		{DC5A3BB5-874D-4A6D-BD9A-825392EB4E62}.Debug|Any CPU.Build.0 = Debug|Any CPU
		{DC5A3BB5-874D-4A6D-BD9A-825392EB4E62}.Debug-Install|Any CPU.ActiveCfg = Debug-Install|Any CPU
		{DC5A3BB5-874D-4A6D-BD9A-825392EB4E62}.Debug-Install|Any CPU.Build.0 = Debug-Install|Any CPU
		{DC5A3BB5-874D-4A6D-BD9A-825392EB4E62}.Debug-Update|Any CPU.ActiveCfg = Debug-Update|Any CPU
		{DC5A3BB5-874D-4A6D-BD9A-825392EB4E62}.Debug-Update|Any CPU.Build.0 = Debug-Update|Any CPU
		{DC5A3BB5-874D-4A6D-BD9A-825392EB4E62}.Release|Any CPU.ActiveCfg = Release|Any CPU
		{DC5A3BB5-874D-4A6D-BD9A-825392EB4E62}.Release|Any CPU.Build.0 = Release|Any CPU
		{DC5A3BB5-874D-4A6D-BD9A-825392EB4E62}.Release-Install|Any CPU.ActiveCfg = Release-Install|Any CPU
		{DC5A3BB5-874D-4A6D-BD9A-825392EB4E62}.Release-Install|Any CPU.Build.0 = Release-Install|Any CPU
		{DC5A3BB5-874D-4A6D-BD9A-825392EB4E62}.Release-Update|Any CPU.ActiveCfg = Release-Update|Any CPU
		{DC5A3BB5-874D-4A6D-BD9A-825392EB4E62}.Release-Update|Any CPU.Build.0 = Release-Update|Any CPU
		{70CCF7C0-0973-4D13-81E6-10628D8DCA97}.Debug|Any CPU.ActiveCfg = Debug|Any CPU
		{70CCF7C0-0973-4D13-81E6-10628D8DCA97}.Debug|Any CPU.Build.0 = Debug|Any CPU
		{70CCF7C0-0973-4D13-81E6-10628D8DCA97}.Debug-Install|Any CPU.ActiveCfg = Debug|Any CPU
		{70CCF7C0-0973-4D13-81E6-10628D8DCA97}.Debug-Install|Any CPU.Build.0 = Debug|Any CPU
		{70CCF7C0-0973-4D13-81E6-10628D8DCA97}.Debug-Update|Any CPU.ActiveCfg = Debug|Any CPU
		{70CCF7C0-0973-4D13-81E6-10628D8DCA97}.Debug-Update|Any CPU.Build.0 = Debug|Any CPU
		{70CCF7C0-0973-4D13-81E6-10628D8DCA97}.Release|Any CPU.ActiveCfg = Release|Any CPU
		{70CCF7C0-0973-4D13-81E6-10628D8DCA97}.Release|Any CPU.Build.0 = Release|Any CPU
		{70CCF7C0-0973-4D13-81E6-10628D8DCA97}.Release-Install|Any CPU.ActiveCfg = Release|Any CPU
		{70CCF7C0-0973-4D13-81E6-10628D8DCA97}.Release-Install|Any CPU.Build.0 = Release|Any CPU
		{70CCF7C0-0973-4D13-81E6-10628D8DCA97}.Release-Update|Any CPU.ActiveCfg = Release|Any CPU
		{70CCF7C0-0973-4D13-81E6-10628D8DCA97}.Release-Update|Any CPU.Build.0 = Release|Any CPU
	EndGlobalSection
	GlobalSection(SolutionProperties) = preSolution
		HideSolutionNode = FALSE
	EndGlobalSection
	GlobalSection(ExtensibilityGlobals) = postSolution
		SolutionGuid = {9CC6C737-04A1-480C-8B1A-33EAB1B31F0F}
	EndGlobalSection
EndGlobal
