
Microsoft Visual Studio Solution File, Format Version 12.00
# Visual Studio Version 17
VisualStudioVersion = 17.0.31808.319
MinimumVisualStudioVersion = 10.0.40219.1
Project("{D954291E-2A0B-460D-934E-DC6B0785DB48}") = "VisualXpress.Extension", "VisualXpress.Extension\VisualXpress.Extension.shproj", "{153D2B43-AFAC-49BC-A635-FC604CFBAC84}"
EndProject
Project("{FAE04EC0-301F-11D3-BF4B-00C04F79EFBC}") = "VisualXpress.UnitTest", "VisualXpress.UnitTest\VisualXpress.UnitTest.csproj", "{70CCF7C0-0973-4D13-81E6-10628D8DCA97}"
	ProjectSection(ProjectDependencies) = postProject
		{DC5A3BB5-874D-4A6D-BD9A-825392EB4E62} = {DC5A3BB5-874D-4A6D-BD9A-825392EB4E62}
	EndProjectSection
EndProject
Project("{FAE04EC0-301F-11D3-BF4B-00C04F79EFBC}") = "VisualXpress.Deploy", "VisualXpress.Deploy\VisualXpress.Deploy.csproj", "{9E4A6A72-97BF-4E66-928B-7BF8D4FCEEA9}"
EndProject
Project("{FAE04EC0-301F-11D3-BF4B-00C04F79EFBC}") = "VisualXpress.2022", "VisualXpress.2022\VisualXpress.2022.csproj", "{DC5A3BB5-874D-4A6D-BD9A-825392EB4E62}"
	ProjectSection(ProjectDependencies) = postProject
		{9E4A6A72-97BF-4E66-928B-7BF8D4FCEEA9} = {9E4A6A72-97BF-4E66-928B-7BF8D4FCEEA9}
	EndProjectSection
EndProject
Project("{FAE04EC0-301F-11D3-BF4B-00C04F79EFBC}") = "VisualXpress.2019", "VisualXpress.2019\VisualXpress.2019.csproj", "{F8030278-777E-4558-A21C-000ED5F56FC2}"
	ProjectSection(ProjectDependencies) = postProject
		{9E4A6A72-97BF-4E66-928B-7BF8D4FCEEA9} = {9E4A6A72-97BF-4E66-928B-7BF8D4FCEEA9}
	EndProjectSection
EndProject
Project("{FAE04EC0-301F-11D3-BF4B-00C04F79EFBC}") = "VisualXpress.2017", "VisualXpress.2017\VisualXpress.2017.csproj", "{46785A04-CB27-4CB8-99A9-480236230514}"
	ProjectSection(ProjectDependencies) = postProject
		{9E4A6A72-97BF-4E66-928B-7BF8D4FCEEA9} = {9E4A6A72-97BF-4E66-928B-7BF8D4FCEEA9}
	EndProjectSection
EndProject
Project("{2150E333-8FDC-42A3-9474-1A3956D46DE8}") = "Solution Items", "Solution Items", "{020287B3-B640-4827-BD3B-05A7339F86C9}"
	ProjectSection(SolutionItems) = preProject
		.editorconfig = .editorconfig
	EndProjectSection
EndProject
Global
	GlobalSection(SolutionConfigurationPlatforms) = preSolution
		Debug|Any CPU = Debug|Any CPU
		Debug-Install|Any CPU = Debug-Install|Any CPU
		Debug-Update|Any CPU = Debug-Update|Any CPU
		Release|Any CPU = Release|Any CPU
		Release-Install|Any CPU = Release-Install|Any CPU
		Release-Update|Any CPU = Release-Update|Any CPU
	EndGlobalSection
	GlobalSection(ProjectConfigurationPlatforms) = postSolution
		{70CCF7C0-0973-4D13-81E6-10628D8DCA97}.Debug|Any CPU.ActiveCfg = Debug|Any CPU
		{70CCF7C0-0973-4D13-81E6-10628D8DCA97}.Debug|Any CPU.Build.0 = Debug|Any CPU
		{70CCF7C0-0973-4D13-81E6-10628D8DCA97}.Debug-Install|Any CPU.ActiveCfg = Debug|Any CPU
		{70CCF7C0-0973-4D13-81E6-10628D8DCA97}.Debug-Install|Any CPU.Build.0 = Debug|Any CPU
		{70CCF7C0-0973-4D13-81E6-10628D8DCA97}.Debug-Update|Any CPU.ActiveCfg = Debug|Any CPU
		{70CCF7C0-0973-4D13-81E6-10628D8DCA97}.Debug-Update|Any CPU.Build.0 = Debug|Any CPU
		{70CCF7C0-0973-4D13-81E6-10628D8DCA97}.Release|Any CPU.ActiveCfg = Release|Any CPU
		{70CCF7C0-0973-4D13-81E6-10628D8DCA97}.Release|Any CPU.Build.0 = Release|Any CPU
		{70CCF7C0-0973-4D13-81E6-10628D8DCA97}.Release-Install|Any CPU.ActiveCfg = Release|Any CPU
		{70CCF7C0-0973-4D13-81E6-10628D8DCA97}.Release-Install|Any CPU.Build.0 = Release|Any CPU
		{70CCF7C0-0973-4D13-81E6-10628D8DCA97}.Release-Update|Any CPU.ActiveCfg = Release|Any CPU
		{70CCF7C0-0973-4D13-81E6-10628D8DCA97}.Release-Update|Any CPU.Build.0 = Release|Any CPU
		{9E4A6A72-97BF-4E66-928B-7BF8D4FCEEA9}.Debug|Any CPU.ActiveCfg = Debug|Any CPU
		{9E4A6A72-97BF-4E66-928B-7BF8D4FCEEA9}.Debug|Any CPU.Build.0 = Debug|Any CPU
		{9E4A6A72-97BF-4E66-928B-7BF8D4FCEEA9}.Debug-Install|Any CPU.ActiveCfg = Debug|Any CPU
		{9E4A6A72-97BF-4E66-928B-7BF8D4FCEEA9}.Debug-Install|Any CPU.Build.0 = Debug|Any CPU
		{9E4A6A72-97BF-4E66-928B-7BF8D4FCEEA9}.Debug-Update|Any CPU.ActiveCfg = Debug|Any CPU
		{9E4A6A72-97BF-4E66-928B-7BF8D4FCEEA9}.Debug-Update|Any CPU.Build.0 = Debug|Any CPU
		{9E4A6A72-97BF-4E66-928B-7BF8D4FCEEA9}.Release|Any CPU.ActiveCfg = Release|Any CPU
		{9E4A6A72-97BF-4E66-928B-7BF8D4FCEEA9}.Release|Any CPU.Build.0 = Release|Any CPU
		{9E4A6A72-97BF-4E66-928B-7BF8D4FCEEA9}.Release-Install|Any CPU.ActiveCfg = Release|Any CPU
		{9E4A6A72-97BF-4E66-928B-7BF8D4FCEEA9}.Release-Install|Any CPU.Build.0 = Release|Any CPU
		{9E4A6A72-97BF-4E66-928B-7BF8D4FCEEA9}.Release-Update|Any CPU.ActiveCfg = Release|Any CPU
		{9E4A6A72-97BF-4E66-928B-7BF8D4FCEEA9}.Release-Update|Any CPU.Build.0 = Release|Any CPU
		{DC5A3BB5-874D-4A6D-BD9A-825392EB4E62}.Debug|Any CPU.ActiveCfg = Debug|Any CPU
		{DC5A3BB5-874D-4A6D-BD9A-825392EB4E62}.Debug|Any CPU.Build.0 = Debug|Any CPU
		{DC5A3BB5-874D-4A6D-BD9A-825392EB4E62}.Debug-Install|Any CPU.ActiveCfg = Debug-Install|Any CPU
		{DC5A3BB5-874D-4A6D-BD9A-825392EB4E62}.Debug-Install|Any CPU.Build.0 = Debug-Install|Any CPU
		{DC5A3BB5-874D-4A6D-BD9A-825392EB4E62}.Debug-Update|Any CPU.ActiveCfg = Debug-Update|Any CPU
		{DC5A3BB5-874D-4A6D-BD9A-825392EB4E62}.Debug-Update|Any CPU.Build.0 = Debug-Update|Any CPU
		{DC5A3BB5-874D-4A6D-BD9A-825392EB4E62}.Release|Any CPU.ActiveCfg = Release|Any CPU
		{DC5A3BB5-874D-4A6D-BD9A-825392EB4E62}.Release|Any CPU.Build.0 = Release|Any CPU
		{DC5A3BB5-874D-4A6D-BD9A-825392EB4E62}.Release-Install|Any CPU.ActiveCfg = Release-Install|Any CPU
		{DC5A3BB5-874D-4A6D-BD9A-825392EB4E62}.Release-Install|Any CPU.Build.0 = Release-Install|Any CPU
		{DC5A3BB5-874D-4A6D-BD9A-825392EB4E62}.Release-Update|Any CPU.ActiveCfg = Release-Update|Any CPU
		{DC5A3BB5-874D-4A6D-BD9A-825392EB4E62}.Release-Update|Any CPU.Build.0 = Release-Update|Any CPU
		{F8030278-777E-4558-A21C-000ED5F56FC2}.Debug|Any CPU.ActiveCfg = Debug|Any CPU
		{F8030278-777E-4558-A21C-000ED5F56FC2}.Debug|Any CPU.Build.0 = Debug|Any CPU
		{F8030278-777E-4558-A21C-000ED5F56FC2}.Debug-Install|Any CPU.ActiveCfg = Debug-Install|Any CPU
		{F8030278-777E-4558-A21C-000ED5F56FC2}.Debug-Install|Any CPU.Build.0 = Debug-Install|Any CPU
		{F8030278-777E-4558-A21C-000ED5F56FC2}.Debug-Update|Any CPU.ActiveCfg = Debug-Update|Any CPU
		{F8030278-777E-4558-A21C-000ED5F56FC2}.Debug-Update|Any CPU.Build.0 = Debug-Update|Any CPU
		{F8030278-777E-4558-A21C-000ED5F56FC2}.Release|Any CPU.ActiveCfg = Release|Any CPU
		{F8030278-777E-4558-A21C-000ED5F56FC2}.Release|Any CPU.Build.0 = Release|Any CPU
		{F8030278-777E-4558-A21C-000ED5F56FC2}.Release-Install|Any CPU.ActiveCfg = Release-Install|Any CPU
		{F8030278-777E-4558-A21C-000ED5F56FC2}.Release-Install|Any CPU.Build.0 = Release-Install|Any CPU
		{F8030278-777E-4558-A21C-000ED5F56FC2}.Release-Update|Any CPU.ActiveCfg = Release-Update|Any CPU
		{F8030278-777E-4558-A21C-000ED5F56FC2}.Release-Update|Any CPU.Build.0 = Release-Update|Any CPU
		{46785A04-CB27-4CB8-99A9-480236230514}.Debug|Any CPU.ActiveCfg = Debug|Any CPU
		{46785A04-CB27-4CB8-99A9-480236230514}.Debug|Any CPU.Build.0 = Debug|Any CPU
		{46785A04-CB27-4CB8-99A9-480236230514}.Debug-Install|Any CPU.ActiveCfg = Debug-Install|Any CPU
		{46785A04-CB27-4CB8-99A9-480236230514}.Debug-Install|Any CPU.Build.0 = Debug-Install|Any CPU
		{46785A04-CB27-4CB8-99A9-480236230514}.Debug-Update|Any CPU.ActiveCfg = Debug-Update|Any CPU
		{46785A04-CB27-4CB8-99A9-480236230514}.Debug-Update|Any CPU.Build.0 = Debug-Update|Any CPU
		{46785A04-CB27-4CB8-99A9-480236230514}.Release|Any CPU.ActiveCfg = Release|Any CPU
		{46785A04-CB27-4CB8-99A9-480236230514}.Release|Any CPU.Build.0 = Release|Any CPU
		{46785A04-CB27-4CB8-99A9-480236230514}.Release-Install|Any CPU.ActiveCfg = Release-Install|Any CPU
		{46785A04-CB27-4CB8-99A9-480236230514}.Release-Install|Any CPU.Build.0 = Release-Install|Any CPU
		{46785A04-CB27-4CB8-99A9-480236230514}.Release-Update|Any CPU.ActiveCfg = Release-Update|Any CPU
		{46785A04-CB27-4CB8-99A9-480236230514}.Release-Update|Any CPU.Build.0 = Release-Update|Any CPU
	EndGlobalSection
	GlobalSection(SolutionProperties) = preSolution
		HideSolutionNode = FALSE
	EndGlobalSection
	GlobalSection(ExtensibilityGlobals) = postSolution
		SolutionGuid = {9CC6C737-04A1-480C-8B1A-33EAB1B31F0F}
	EndGlobalSection
	GlobalSection(SharedMSBuildProjectFiles) = preSolution
		VisualXpress.Extension\VisualXpress.Extension.projitems*{153d2b43-afac-49bc-a635-fc604cfbac84}*SharedItemsImports = 13
		VisualXpress.Extension\VisualXpress.Extension.projitems*{46785a04-cb27-4cb8-99a9-480236230514}*SharedItemsImports = 4
		VisualXpress.Extension\VisualXpress.Extension.projitems*{70ccf7c0-0973-4d13-81e6-10628d8dca97}*SharedItemsImports = 4
		VisualXpress.Extension\VisualXpress.Extension.projitems*{dc5a3bb5-874d-4a6d-bd9a-825392eb4e62}*SharedItemsImports = 4
		VisualXpress.Extension\VisualXpress.Extension.projitems*{f8030278-777e-4558-a21c-000ed5f56fc2}*SharedItemsImports = 4
	EndGlobalSection
EndGlobal
